{
  "name": "simple-app-protection",
  "version": "0.1.0",
  "lockfileVersion": 1,
  "requires": true,
  "dependencies": {
    "@types/js-cookie": {
      "version": "2.2.1",
      "resolved": "https://registry.npmjs.org/@types/js-cookie/-/js-cookie-2.2.1.tgz",
      "integrity": "sha512-VIVurImEhQ95jxtjs8baVU5qCzVfwYfuMrpXwdRykJ5MCI5iY7/jB4cDSgwBVeYqeXrhT7GfJUwoDOmN0OMVCA==",
      "dev": true
    },
    "js-cookie": {
      "version": "2.2.0",
      "resolved": "https://registry.npmjs.org/js-cookie/-/js-cookie-2.2.0.tgz",
      "integrity": "sha1-Gywnmm7s44ChIWi5JIUmWzWx7/s="
    }
  }
}
